
Microsoft Visual Studio Solution File, Format Version 12.00
# Visual Studio Version 17
VisualStudioVersion = 17.8.34525.116
MinimumVisualStudioVersion = 10.0.40219.1
Project("{9A19103F-16F7-4668-BE54-9A1E7A4F7556}") = "Calculator", "Calculator.csproj", "{DF6B21CF-C30B-4F7B-BBA0-C3951E6DB15A}"
EndProject
Project("{9A19103F-16F7-4668-BE54-9A1E7A4F7556}") = "Calculator.Desktop", "..\Calculator.Desktop\Calculator.Desktop.csproj", "{8F5493F0-AF7F-49C7-892C-CE2C5E109070}"
EndProject
Global
	GlobalSection(SolutionConfigurationPlatforms) = preSolution
		Debug|Any CPU = Debug|Any CPU
		Release|Any CPU = Release|Any CPU
	EndGlobalSection
	GlobalSection(ProjectConfigurationPlatforms) = postSolution
		{DF6B21CF-C30B-4F7B-BBA0-C3951E6DB15A}.Debug|Any CPU.ActiveCfg = Debug|Any CPU
		{DF6B21CF-C30B-4F7B-BBA0-C3951E6DB15A}.Debug|Any CPU.Build.0 = Debug|Any CPU
		{DF6B21CF-C30B-4F7B-BBA0-C3951E6DB15A}.Release|Any CPU.ActiveCfg = Release|Any CPU
		{DF6B21CF-C30B-4F7B-BBA0-C3951E6DB15A}.Release|Any CPU.Build.0 = Release|Any CPU
		{8F5493F0-AF7F-49C7-892C-CE2C5E109070}.Debug|Any CPU.ActiveCfg = Debug|Any CPU
		{8F5493F0-AF7F-49C7-892C-CE2C5E109070}.Debug|Any CPU.Build.0 = Debug|Any CPU
		{8F5493F0-AF7F-49C7-892C-CE2C5E109070}.Release|Any CPU.ActiveCfg = Release|Any CPU
		{8F5493F0-AF7F-49C7-892C-CE2C5E109070}.Release|Any CPU.Build.0 = Release|Any CPU
	EndGlobalSection
	GlobalSection(SolutionProperties) = preSolution
		HideSolutionNode = FALSE
	EndGlobalSection
	GlobalSection(ExtensibilityGlobals) = postSolution
		SolutionGuid = {DDAD84F2-CDCD-4148-8F52-D90FEBE4CC7C}
	EndGlobalSection
EndGlobal
